
Microsoft Visual Studio Solution File, Format Version 12.00
# Visual Studio Version 17
VisualStudioVersion = 17.2.32616.157
MinimumVisualStudioVersion = 10.0.40219.1
Project("{9A19103F-16F7-4668-BE54-9A1E7A4F7556}") = "Api", "Api\Api.csproj", "{ECCA2DC2-3866-412A-8FA3-69A233CDEE0F}"
EndProject
Project("{E53339B2-1760-4266-BCC7-CA923CBCF16C}") = "docker-compose", "docker-compose.dcproj", "{E1DA1A0D-582E-448E-8B2D-67EE7FCCA50A}"
EndProject
Project("{2150E333-8FDC-42A3-9474-1A3956D46DE8}") = "Core", "Core", "{34204765-467F-4AAE-B932-A3340DAF6302}"
EndProject
Project("{2150E333-8FDC-42A3-9474-1A3956D46DE8}") = "Adapter", "Adapter", "{8ABDE0D6-69C0-4019-A2C1-F9EA788E1E98}"
EndProject
Project("{9A19103F-16F7-4668-BE54-9A1E7A4F7556}") = "Context", "Repository\Context.csproj", "{91CD2280-CA87-491F-992B-C1D817CF398C}"
EndProject
Project("{9A19103F-16F7-4668-BE54-9A1E7A4F7556}") = "Domain", "Domain\Domain.csproj", "{F05F1647-645B-4951-803C-A8E880213975}"
EndProject
Project("{2150E333-8FDC-42A3-9474-1A3956D46DE8}") = "Test", "Test", "{8860FDBD-A767-4F4F-88CE-88C04A07FDEF}"
EndProject
Project("{9A19103F-16F7-4668-BE54-9A1E7A4F7556}") = "Api.Test", "Service.Test\Api.Test.csproj", "{FAF54134-75FA-4384-A64A-CB013F9DB3BD}"
EndProject
Global
	GlobalSection(SolutionConfigurationPlatforms) = preSolution
		Debug|Any CPU = Debug|Any CPU
		Release|Any CPU = Release|Any CPU
	EndGlobalSection
	GlobalSection(ProjectConfigurationPlatforms) = postSolution
		{ECCA2DC2-3866-412A-8FA3-69A233CDEE0F}.Debug|Any CPU.ActiveCfg = Debug|Any CPU
		{ECCA2DC2-3866-412A-8FA3-69A233CDEE0F}.Debug|Any CPU.Build.0 = Debug|Any CPU
		{ECCA2DC2-3866-412A-8FA3-69A233CDEE0F}.Release|Any CPU.ActiveCfg = Release|Any CPU
		{ECCA2DC2-3866-412A-8FA3-69A233CDEE0F}.Release|Any CPU.Build.0 = Release|Any CPU
		{E1DA1A0D-582E-448E-8B2D-67EE7FCCA50A}.Debug|Any CPU.ActiveCfg = Debug|Any CPU
		{E1DA1A0D-582E-448E-8B2D-67EE7FCCA50A}.Debug|Any CPU.Build.0 = Debug|Any CPU
		{E1DA1A0D-582E-448E-8B2D-67EE7FCCA50A}.Release|Any CPU.ActiveCfg = Release|Any CPU
		{E1DA1A0D-582E-448E-8B2D-67EE7FCCA50A}.Release|Any CPU.Build.0 = Release|Any CPU
		{91CD2280-CA87-491F-992B-C1D817CF398C}.Debug|Any CPU.ActiveCfg = Debug|Any CPU
		{91CD2280-CA87-491F-992B-C1D817CF398C}.Debug|Any CPU.Build.0 = Debug|Any CPU
		{91CD2280-CA87-491F-992B-C1D817CF398C}.Release|Any CPU.ActiveCfg = Release|Any CPU
		{91CD2280-CA87-491F-992B-C1D817CF398C}.Release|Any CPU.Build.0 = Release|Any CPU
		{F05F1647-645B-4951-803C-A8E880213975}.Debug|Any CPU.ActiveCfg = Debug|Any CPU
		{F05F1647-645B-4951-803C-A8E880213975}.Debug|Any CPU.Build.0 = Debug|Any CPU
		{F05F1647-645B-4951-803C-A8E880213975}.Release|Any CPU.ActiveCfg = Release|Any CPU
		{F05F1647-645B-4951-803C-A8E880213975}.Release|Any CPU.Build.0 = Release|Any CPU
		{FAF54134-75FA-4384-A64A-CB013F9DB3BD}.Debug|Any CPU.ActiveCfg = Debug|Any CPU
		{FAF54134-75FA-4384-A64A-CB013F9DB3BD}.Debug|Any CPU.Build.0 = Debug|Any CPU
		{FAF54134-75FA-4384-A64A-CB013F9DB3BD}.Release|Any CPU.ActiveCfg = Release|Any CPU
		{FAF54134-75FA-4384-A64A-CB013F9DB3BD}.Release|Any CPU.Build.0 = Release|Any CPU
	EndGlobalSection
	GlobalSection(SolutionProperties) = preSolution
		HideSolutionNode = FALSE
	EndGlobalSection
	GlobalSection(NestedProjects) = preSolution
		{ECCA2DC2-3866-412A-8FA3-69A233CDEE0F} = {8ABDE0D6-69C0-4019-A2C1-F9EA788E1E98}
		{91CD2280-CA87-491F-992B-C1D817CF398C} = {34204765-467F-4AAE-B932-A3340DAF6302}
		{F05F1647-645B-4951-803C-A8E880213975} = {34204765-467F-4AAE-B932-A3340DAF6302}
		{FAF54134-75FA-4384-A64A-CB013F9DB3BD} = {8860FDBD-A767-4F4F-88CE-88C04A07FDEF}
	EndGlobalSection
	GlobalSection(ExtensibilityGlobals) = postSolution
		SolutionGuid = {74D3609A-A138-46BB-B581-953B683207AA}
	EndGlobalSection
EndGlobal
